// !$*UTF8*$!
{
	archiveVersion = 1;
	classes = {
	};
	objectVersion = 46;
	objects = {

/* Begin PBXBuildFile section */
		180053838EF9083681EB858A /* Pods_Google_Font_Viewer.framework in Frameworks */ = {isa = PBXBuildFile; fileRef = E3A4D16AA68E2BA1A79FBB34 /* Pods_Google_Font_Viewer.framework */; };
		9F37AE576BE9944EA3EF9917 /* Pods_Google_Font_ViewerTests.framework in Frameworks */ = {isa = PBXBuildFile; fileRef = 8477701DEF5701BE2FCB3919 /* Pods_Google_Font_ViewerTests.framework */; };
		F42A6B3E1EDAA0C0007A8F7B /* Keys.swift in Sources */ = {isa = PBXBuildFile; fileRef = F42A6B3D1EDAA0C0007A8F7B /* Keys.swift */; };
		F42A6B401EDAEC23007A8F7B /* GoogleFontAPI.swift in Sources */ = {isa = PBXBuildFile; fileRef = F42A6B3F1EDAEC23007A8F7B /* GoogleFontAPI.swift */; };
		F42A6B421EDB12D1007A8F7B /* GoogleFont.swift in Sources */ = {isa = PBXBuildFile; fileRef = F42A6B411EDB12D1007A8F7B /* GoogleFont.swift */; };
		F42A6B441EDC38F3007A8F7B /* GoogleFontManager.swift in Sources */ = {isa = PBXBuildFile; fileRef = F42A6B431EDC38F3007A8F7B /* GoogleFontManager.swift */; };
		F4C94FF11EDA8A8C0022F1F1 /* AppDelegate.swift in Sources */ = {isa = PBXBuildFile; fileRef = F4C94FF01EDA8A8C0022F1F1 /* AppDelegate.swift */; };
		F4C94FF31EDA8A8C0022F1F1 /* ViewController.swift in Sources */ = {isa = PBXBuildFile; fileRef = F4C94FF21EDA8A8C0022F1F1 /* ViewController.swift */; };
		F4C94FF61EDA8A8C0022F1F1 /* Main.storyboard in Resources */ = {isa = PBXBuildFile; fileRef = F4C94FF41EDA8A8C0022F1F1 /* Main.storyboard */; };
		F4C94FF81EDA8A8C0022F1F1 /* Assets.xcassets in Resources */ = {isa = PBXBuildFile; fileRef = F4C94FF71EDA8A8C0022F1F1 /* Assets.xcassets */; };
		F4C94FFB1EDA8A8C0022F1F1 /* LaunchScreen.storyboard in Resources */ = {isa = PBXBuildFile; fileRef = F4C94FF91EDA8A8C0022F1F1 /* LaunchScreen.storyboard */; };
		F4C950061EDA8A8C0022F1F1 /* Google_Font_ViewerTests.swift in Sources */ = {isa = PBXBuildFile; fileRef = F4C950051EDA8A8C0022F1F1 /* Google_Font_ViewerTests.swift */; };
/* End PBXBuildFile section */

/* Begin PBXContainerItemProxy section */
		F4C950021EDA8A8C0022F1F1 /* PBXContainerItemProxy */ = {
			isa = PBXContainerItemProxy;
			containerPortal = F4C94FE51EDA8A8C0022F1F1 /* Project object */;
			proxyType = 1;
			remoteGlobalIDString = F4C94FEC1EDA8A8C0022F1F1;
			remoteInfo = "Google Font Viewer";
		};
/* End PBXContainerItemProxy section */

/* Begin PBXFileReference section */
		7117B2061F3B341BC6A48F6E /* Pods-Google Font Viewer.release.xcconfig */ = {isa = PBXFileReference; includeInIndex = 1; lastKnownFileType = text.xcconfig; name = "Pods-Google Font Viewer.release.xcconfig"; path = "Pods/Target Support Files/Pods-Google Font Viewer/Pods-Google Font Viewer.release.xcconfig"; sourceTree = "<group>"; };
		821BF2A0AAF51D067B97C835 /* Pods-Google Font ViewerTests.release.xcconfig */ = {isa = PBXFileReference; includeInIndex = 1; lastKnownFileType = text.xcconfig; name = "Pods-Google Font ViewerTests.release.xcconfig"; path = "Pods/Target Support Files/Pods-Google Font ViewerTests/Pods-Google Font ViewerTests.release.xcconfig"; sourceTree = "<group>"; };
		8477701DEF5701BE2FCB3919 /* Pods_Google_Font_ViewerTests.framework */ = {isa = PBXFileReference; explicitFileType = wrapper.framework; includeInIndex = 0; path = Pods_Google_Font_ViewerTests.framework; sourceTree = BUILT_PRODUCTS_DIR; };
		CEC1950DE67FDA23A9956E28 /* Pods-Google Font ViewerTests.debug.xcconfig */ = {isa = PBXFileReference; includeInIndex = 1; lastKnownFileType = text.xcconfig; name = "Pods-Google Font ViewerTests.debug.xcconfig"; path = "Pods/Target Support Files/Pods-Google Font ViewerTests/Pods-Google Font ViewerTests.debug.xcconfig"; sourceTree = "<group>"; };
		E2570EDB4B121A44870D5E2D /* Pods-Google Font Viewer.debug.xcconfig */ = {isa = PBXFileReference; includeInIndex = 1; lastKnownFileType = text.xcconfig; name = "Pods-Google Font Viewer.debug.xcconfig"; path = "Pods/Target Support Files/Pods-Google Font Viewer/Pods-Google Font Viewer.debug.xcconfig"; sourceTree = "<group>"; };
		E3A4D16AA68E2BA1A79FBB34 /* Pods_Google_Font_Viewer.framework */ = {isa = PBXFileReference; explicitFileType = wrapper.framework; includeInIndex = 0; path = Pods_Google_Font_Viewer.framework; sourceTree = BUILT_PRODUCTS_DIR; };
		F42A6B3D1EDAA0C0007A8F7B /* Keys.swift */ = {isa = PBXFileReference; fileEncoding = 4; lastKnownFileType = sourcecode.swift; path = Keys.swift; sourceTree = "<group>"; };
		F42A6B3F1EDAEC23007A8F7B /* GoogleFontAPI.swift */ = {isa = PBXFileReference; fileEncoding = 4; lastKnownFileType = sourcecode.swift; path = GoogleFontAPI.swift; sourceTree = "<group>"; };
		F42A6B411EDB12D1007A8F7B /* GoogleFont.swift */ = {isa = PBXFileReference; fileEncoding = 4; lastKnownFileType = sourcecode.swift; path = GoogleFont.swift; sourceTree = "<group>"; };
		F42A6B431EDC38F3007A8F7B /* GoogleFontManager.swift */ = {isa = PBXFileReference; fileEncoding = 4; lastKnownFileType = sourcecode.swift; path = GoogleFontManager.swift; sourceTree = "<group>"; };
		F4C94FED1EDA8A8C0022F1F1 /* Google Font Viewer.app */ = {isa = PBXFileReference; explicitFileType = wrapper.application; includeInIndex = 0; path = "Google Font Viewer.app"; sourceTree = BUILT_PRODUCTS_DIR; };
		F4C94FF01EDA8A8C0022F1F1 /* AppDelegate.swift */ = {isa = PBXFileReference; lastKnownFileType = sourcecode.swift; path = AppDelegate.swift; sourceTree = "<group>"; };
		F4C94FF21EDA8A8C0022F1F1 /* ViewController.swift */ = {isa = PBXFileReference; lastKnownFileType = sourcecode.swift; path = ViewController.swift; sourceTree = "<group>"; };
		F4C94FF51EDA8A8C0022F1F1 /* Base */ = {isa = PBXFileReference; lastKnownFileType = file.storyboard; name = Base; path = Base.lproj/Main.storyboard; sourceTree = "<group>"; };
		F4C94FF71EDA8A8C0022F1F1 /* Assets.xcassets */ = {isa = PBXFileReference; lastKnownFileType = folder.assetcatalog; path = Assets.xcassets; sourceTree = "<group>"; };
		F4C94FFA1EDA8A8C0022F1F1 /* Base */ = {isa = PBXFileReference; lastKnownFileType = file.storyboard; name = Base; path = Base.lproj/LaunchScreen.storyboard; sourceTree = "<group>"; };
		F4C94FFC1EDA8A8C0022F1F1 /* Info.plist */ = {isa = PBXFileReference; lastKnownFileType = text.plist.xml; path = Info.plist; sourceTree = "<group>"; };
		F4C950011EDA8A8C0022F1F1 /* Google Font ViewerTests.xctest */ = {isa = PBXFileReference; explicitFileType = wrapper.cfbundle; includeInIndex = 0; path = "Google Font ViewerTests.xctest"; sourceTree = BUILT_PRODUCTS_DIR; };
		F4C950051EDA8A8C0022F1F1 /* Google_Font_ViewerTests.swift */ = {isa = PBXFileReference; lastKnownFileType = sourcecode.swift; path = Google_Font_ViewerTests.swift; sourceTree = "<group>"; };
		F4C950071EDA8A8C0022F1F1 /* Info.plist */ = {isa = PBXFileReference; lastKnownFileType = text.plist.xml; path = Info.plist; sourceTree = "<group>"; };
/* End PBXFileReference section */

/* Begin PBXFrameworksBuildPhase section */
		F4C94FEA1EDA8A8C0022F1F1 /* Frameworks */ = {
			isa = PBXFrameworksBuildPhase;
			buildActionMask = 2147483647;
			files = (
				180053838EF9083681EB858A /* Pods_Google_Font_Viewer.framework in Frameworks */,
			);
			runOnlyForDeploymentPostprocessing = 0;
		};
		F4C94FFE1EDA8A8C0022F1F1 /* Frameworks */ = {
			isa = PBXFrameworksBuildPhase;
			buildActionMask = 2147483647;
			files = (
				9F37AE576BE9944EA3EF9917 /* Pods_Google_Font_ViewerTests.framework in Frameworks */,
			);
			runOnlyForDeploymentPostprocessing = 0;
		};
/* End PBXFrameworksBuildPhase section */

/* Begin PBXGroup section */
		AC86E54042CD5E2D1B11D718 /* Frameworks */ = {
			isa = PBXGroup;
			children = (
				E3A4D16AA68E2BA1A79FBB34 /* Pods_Google_Font_Viewer.framework */,
				8477701DEF5701BE2FCB3919 /* Pods_Google_Font_ViewerTests.framework */,
			);
			name = Frameworks;
			sourceTree = "<group>";
		};
		F4C94FE41EDA8A8C0022F1F1 = {
			isa = PBXGroup;
			children = (
				F4C94FEF1EDA8A8C0022F1F1 /* Google Font Viewer */,
				F4C950041EDA8A8C0022F1F1 /* Google Font ViewerTests */,
				F4C94FEE1EDA8A8C0022F1F1 /* Products */,
				FAA0F515117CDD5D19F59F8F /* Pods */,
				AC86E54042CD5E2D1B11D718 /* Frameworks */,
			);
			sourceTree = "<group>";
		};
		F4C94FEE1EDA8A8C0022F1F1 /* Products */ = {
			isa = PBXGroup;
			children = (
				F4C94FED1EDA8A8C0022F1F1 /* Google Font Viewer.app */,
				F4C950011EDA8A8C0022F1F1 /* Google Font ViewerTests.xctest */,
			);
			name = Products;
			sourceTree = "<group>";
		};
		F4C94FEF1EDA8A8C0022F1F1 /* Google Font Viewer */ = {
			isa = PBXGroup;
			children = (
				F4C94FF01EDA8A8C0022F1F1 /* AppDelegate.swift */,
				F42A6B3D1EDAA0C0007A8F7B /* Keys.swift */,
				F42A6B3F1EDAEC23007A8F7B /* GoogleFontAPI.swift */,
				F4C94FF21EDA8A8C0022F1F1 /* ViewController.swift */,
				F42A6B411EDB12D1007A8F7B /* GoogleFont.swift */,
				F42A6B431EDC38F3007A8F7B /* GoogleFontManager.swift */,
				F4C94FF41EDA8A8C0022F1F1 /* Main.storyboard */,
				F4C94FF71EDA8A8C0022F1F1 /* Assets.xcassets */,
				F4C94FF91EDA8A8C0022F1F1 /* LaunchScreen.storyboard */,
				F4C94FFC1EDA8A8C0022F1F1 /* Info.plist */,
			);
			path = "Google Font Viewer";
			sourceTree = "<group>";
		};
		F4C950041EDA8A8C0022F1F1 /* Google Font ViewerTests */ = {
			isa = PBXGroup;
			children = (
				F4C950051EDA8A8C0022F1F1 /* Google_Font_ViewerTests.swift */,
				F4C950071EDA8A8C0022F1F1 /* Info.plist */,
			);
			path = "Google Font ViewerTests";
			sourceTree = "<group>";
		};
		FAA0F515117CDD5D19F59F8F /* Pods */ = {
			isa = PBXGroup;
			children = (
				E2570EDB4B121A44870D5E2D /* Pods-Google Font Viewer.debug.xcconfig */,
				7117B2061F3B341BC6A48F6E /* Pods-Google Font Viewer.release.xcconfig */,
				CEC1950DE67FDA23A9956E28 /* Pods-Google Font ViewerTests.debug.xcconfig */,
				821BF2A0AAF51D067B97C835 /* Pods-Google Font ViewerTests.release.xcconfig */,
			);
			name = Pods;
			sourceTree = "<group>";
		};
/* End PBXGroup section */

/* Begin PBXNativeTarget section */
		F4C94FEC1EDA8A8C0022F1F1 /* Google Font Viewer */ = {
			isa = PBXNativeTarget;
			buildConfigurationList = F4C9500A1EDA8A8C0022F1F1 /* Build configuration list for PBXNativeTarget "Google Font Viewer" */;
			buildPhases = (
				AE9BCA7AEC2D69D68D7197DE /* [CP] Check Pods Manifest.lock */,
				F4C94FE91EDA8A8C0022F1F1 /* Sources */,
				F4C94FEA1EDA8A8C0022F1F1 /* Frameworks */,
				F4C94FEB1EDA8A8C0022F1F1 /* Resources */,
				CCE677731CBCC8DA4D42ACCD /* [CP] Embed Pods Frameworks */,
				77A1BAA7D35307B2FAEBEADD /* [CP] Copy Pods Resources */,
			);
			buildRules = (
			);
			dependencies = (
			);
			name = "Google Font Viewer";
			productName = "Google Font Viewer";
			productReference = F4C94FED1EDA8A8C0022F1F1 /* Google Font Viewer.app */;
			productType = "com.apple.product-type.application";
		};
		F4C950001EDA8A8C0022F1F1 /* Google Font ViewerTests */ = {
			isa = PBXNativeTarget;
			buildConfigurationList = F4C9500D1EDA8A8C0022F1F1 /* Build configuration list for PBXNativeTarget "Google Font ViewerTests" */;
			buildPhases = (
				93FE8439D89BF8D1F6E4DFAE /* [CP] Check Pods Manifest.lock */,
				F4C94FFD1EDA8A8C0022F1F1 /* Sources */,
				F4C94FFE1EDA8A8C0022F1F1 /* Frameworks */,
				F4C94FFF1EDA8A8C0022F1F1 /* Resources */,
				FC74A2D4F6D67BCA402631A4 /* [CP] Embed Pods Frameworks */,
				B754FEBE5A94637DB80DE4BD /* [CP] Copy Pods Resources */,
			);
			buildRules = (
			);
			dependencies = (
				F4C950031EDA8A8C0022F1F1 /* PBXTargetDependency */,
			);
			name = "Google Font ViewerTests";
			productName = "Google Font ViewerTests";
			productReference = F4C950011EDA8A8C0022F1F1 /* Google Font ViewerTests.xctest */;
			productType = "com.apple.product-type.bundle.unit-test";
		};
/* End PBXNativeTarget section */

/* Begin PBXProject section */
		F4C94FE51EDA8A8C0022F1F1 /* Project object */ = {
			isa = PBXProject;
			attributes = {
				LastSwiftUpdateCheck = 0830;
				LastUpgradeCheck = 0830;
				ORGANIZATIONNAME = "Simon Lee";
				TargetAttributes = {
					F4C94FEC1EDA8A8C0022F1F1 = {
						CreatedOnToolsVersion = 8.3.2;
						DevelopmentTeam = T3LQ95726F;
						ProvisioningStyle = Automatic;
					};
					F4C950001EDA8A8C0022F1F1 = {
						CreatedOnToolsVersion = 8.3.2;
						DevelopmentTeam = T3LQ95726F;
						ProvisioningStyle = Automatic;
						TestTargetID = F4C94FEC1EDA8A8C0022F1F1;
					};
				};
			};
			buildConfigurationList = F4C94FE81EDA8A8C0022F1F1 /* Build configuration list for PBXProject "Google Font Viewer" */;
			compatibilityVersion = "Xcode 3.2";
			developmentRegion = English;
			hasScannedForEncodings = 0;
			knownRegions = (
				en,
				Base,
			);
			mainGroup = F4C94FE41EDA8A8C0022F1F1;
			productRefGroup = F4C94FEE1EDA8A8C0022F1F1 /* Products */;
			projectDirPath = "";
			projectRoot = "";
			targets = (
				F4C94FEC1EDA8A8C0022F1F1 /* Google Font Viewer */,
				F4C950001EDA8A8C0022F1F1 /* Google Font ViewerTests */,
			);
		};
/* End PBXProject section */

/* Begin PBXResourcesBuildPhase section */
		F4C94FEB1EDA8A8C0022F1F1 /* Resources */ = {
			isa = PBXResourcesBuildPhase;
			buildActionMask = 2147483647;
			files = (
				F4C94FFB1EDA8A8C0022F1F1 /* LaunchScreen.storyboard in Resources */,
				F4C94FF81EDA8A8C0022F1F1 /* Assets.xcassets in Resources */,
				F4C94FF61EDA8A8C0022F1F1 /* Main.storyboard in Resources */,
			);
			runOnlyForDeploymentPostprocessing = 0;
		};
		F4C94FFF1EDA8A8C0022F1F1 /* Resources */ = {
			isa = PBXResourcesBuildPhase;
			buildActionMask = 2147483647;
			files = (
			);
			runOnlyForDeploymentPostprocessing = 0;
		};
/* End PBXResourcesBuildPhase section */

/* Begin PBXShellScriptBuildPhase section */
		77A1BAA7D35307B2FAEBEADD /* [CP] Copy Pods Resources */ = {
			isa = PBXShellScriptBuildPhase;
			buildActionMask = 2147483647;
			files = (
			);
			inputPaths = (
			);
			name = "[CP] Copy Pods Resources";
			outputPaths = (
			);
			runOnlyForDeploymentPostprocessing = 0;
			shellPath = /bin/sh;
			shellScript = "\"${SRCROOT}/Pods/Target Support Files/Pods-Google Font Viewer/Pods-Google Font Viewer-resources.sh\"\n";
			showEnvVarsInLog = 0;
		};
		93FE8439D89BF8D1F6E4DFAE /* [CP] Check Pods Manifest.lock */ = {
			isa = PBXShellScriptBuildPhase;
			buildActionMask = 2147483647;
			files = (
			);
			inputPaths = (
			);
			name = "[CP] Check Pods Manifest.lock";
			outputPaths = (
			);
			runOnlyForDeploymentPostprocessing = 0;
			shellPath = /bin/sh;
			shellScript = "diff \"${PODS_PODFILE_DIR_PATH}/Podfile.lock\" \"${PODS_ROOT}/Manifest.lock\" > /dev/null\nif [ $? != 0 ] ; then\n    # print error to STDERR\n    echo \"error: The sandbox is not in sync with the Podfile.lock. Run 'pod install' or update your CocoaPods installation.\" >&2\n    exit 1\nfi\n";
			showEnvVarsInLog = 0;
		};
		AE9BCA7AEC2D69D68D7197DE /* [CP] Check Pods Manifest.lock */ = {
			isa = PBXShellScriptBuildPhase;
			buildActionMask = 2147483647;
			files = (
			);
			inputPaths = (
			);
			name = "[CP] Check Pods Manifest.lock";
			outputPaths = (
			);
			runOnlyForDeploymentPostprocessing = 0;
			shellPath = /bin/sh;
			shellScript = "diff \"${PODS_PODFILE_DIR_PATH}/Podfile.lock\" \"${PODS_ROOT}/Manifest.lock\" > /dev/null\nif [ $? != 0 ] ; then\n    # print error to STDERR\n    echo \"error: The sandbox is not in sync with the Podfile.lock. Run 'pod install' or update your CocoaPods installation.\" >&2\n    exit 1\nfi\n";
			showEnvVarsInLog = 0;
		};
		B754FEBE5A94637DB80DE4BD /* [CP] Copy Pods Resources */ = {
			isa = PBXShellScriptBuildPhase;
			buildActionMask = 2147483647;
			files = (
			);
			inputPaths = (
			);
			name = "[CP] Copy Pods Resources";
			outputPaths = (
			);
			runOnlyForDeploymentPostprocessing = 0;
			shellPath = /bin/sh;
			shellScript = "\"${SRCROOT}/Pods/Target Support Files/Pods-Google Font ViewerTests/Pods-Google Font ViewerTests-resources.sh\"\n";
			showEnvVarsInLog = 0;
		};
		CCE677731CBCC8DA4D42ACCD /* [CP] Embed Pods Frameworks */ = {
			isa = PBXShellScriptBuildPhase;
			buildActionMask = 2147483647;
			files = (
			);
			inputPaths = (
			);
			name = "[CP] Embed Pods Frameworks";
			outputPaths = (
			);
			runOnlyForDeploymentPostprocessing = 0;
			shellPath = /bin/sh;
			shellScript = "\"${SRCROOT}/Pods/Target Support Files/Pods-Google Font Viewer/Pods-Google Font Viewer-frameworks.sh\"\n";
			showEnvVarsInLog = 0;
		};
		FC74A2D4F6D67BCA402631A4 /* [CP] Embed Pods Frameworks */ = {
			isa = PBXShellScriptBuildPhase;
			buildActionMask = 2147483647;
			files = (
			);
			inputPaths = (
			);
			name = "[CP] Embed Pods Frameworks";
			outputPaths = (
			);
			runOnlyForDeploymentPostprocessing = 0;
			shellPath = /bin/sh;
			shellScript = "\"${SRCROOT}/Pods/Target Support Files/Pods-Google Font ViewerTests/Pods-Google Font ViewerTests-frameworks.sh\"\n";
			showEnvVarsInLog = 0;
		};
/* End PBXShellScriptBuildPhase section */

/* Begin PBXSourcesBuildPhase section */
		F4C94FE91EDA8A8C0022F1F1 /* Sources */ = {
			isa = PBXSourcesBuildPhase;
			buildActionMask = 2147483647;
			files = (
				F42A6B401EDAEC23007A8F7B /* GoogleFontAPI.swift in Sources */,
				F4C94FF31EDA8A8C0022F1F1 /* ViewController.swift in Sources */,
				F42A6B3E1EDAA0C0007A8F7B /* Keys.swift in Sources */,
				F4C94FF11EDA8A8C0022F1F1 /* AppDelegate.swift in Sources */,
				F42A6B421EDB12D1007A8F7B /* GoogleFont.swift in Sources */,
				F42A6B441EDC38F3007A8F7B /* GoogleFontManager.swift in Sources */,
			);
			runOnlyForDeploymentPostprocessing = 0;
		};
		F4C94FFD1EDA8A8C0022F1F1 /* Sources */ = {
			isa = PBXSourcesBuildPhase;
			buildActionMask = 2147483647;
			files = (
				F4C950061EDA8A8C0022F1F1 /* Google_Font_ViewerTests.swift in Sources */,
			);
			runOnlyForDeploymentPostprocessing = 0;
		};
/* End PBXSourcesBuildPhase section */

/* Begin PBXTargetDependency section */
		F4C950031EDA8A8C0022F1F1 /* PBXTargetDependency */ = {
			isa = PBXTargetDependency;
			target = F4C94FEC1EDA8A8C0022F1F1 /* Google Font Viewer */;
			targetProxy = F4C950021EDA8A8C0022F1F1 /* PBXContainerItemProxy */;
		};
/* End PBXTargetDependency section */

/* Begin PBXVariantGroup section */
		F4C94FF41EDA8A8C0022F1F1 /* Main.storyboard */ = {
			isa = PBXVariantGroup;
			children = (
				F4C94FF51EDA8A8C0022F1F1 /* Base */,
			);
			name = Main.storyboard;
			sourceTree = "<group>";
		};
		F4C94FF91EDA8A8C0022F1F1 /* LaunchScreen.storyboard */ = {
			isa = PBXVariantGroup;
			children = (
				F4C94FFA1EDA8A8C0022F1F1 /* Base */,
			);
			name = LaunchScreen.storyboard;
			sourceTree = "<group>";
		};
/* End PBXVariantGroup section */

/* Begin XCBuildConfiguration section */
		F4C950081EDA8A8C0022F1F1 /* Debug */ = {
			isa = XCBuildConfiguration;
			buildSettings = {
				ALWAYS_SEARCH_USER_PATHS = NO;
				CLANG_ANALYZER_NONNULL = YES;
				CLANG_ANALYZER_NUMBER_OBJECT_CONVERSION = YES_AGGRESSIVE;
				CLANG_CXX_LANGUAGE_STANDARD = "gnu++0x";
				CLANG_CXX_LIBRARY = "libc++";
				CLANG_ENABLE_MODULES = YES;
				CLANG_ENABLE_OBJC_ARC = YES;
				CLANG_WARN_BOOL_CONVERSION = YES;
				CLANG_WARN_CONSTANT_CONVERSION = YES;
				CLANG_WARN_DIRECT_OBJC_ISA_USAGE = YES_ERROR;
				CLANG_WARN_DOCUMENTATION_COMMENTS = YES;
				CLANG_WARN_EMPTY_BODY = YES;
				CLANG_WARN_ENUM_CONVERSION = YES;
				CLANG_WARN_INFINITE_RECURSION = YES;
				CLANG_WARN_INT_CONVERSION = YES;
				CLANG_WARN_OBJC_ROOT_CLASS = YES_ERROR;
				CLANG_WARN_SUSPICIOUS_MOVE = YES;
				CLANG_WARN_UNREACHABLE_CODE = YES;
				CLANG_WARN__DUPLICATE_METHOD_MATCH = YES;
				"CODE_SIGN_IDENTITY[sdk=iphoneos*]" = "iPhone Developer";
				COPY_PHASE_STRIP = NO;
				DEBUG_INFORMATION_FORMAT = dwarf;
				ENABLE_STRICT_OBJC_MSGSEND = YES;
				ENABLE_TESTABILITY = YES;
				GCC_C_LANGUAGE_STANDARD = gnu99;
				GCC_DYNAMIC_NO_PIC = NO;
				GCC_NO_COMMON_BLOCKS = YES;
				GCC_OPTIMIZATION_LEVEL = 0;
				GCC_PREPROCESSOR_DEFINITIONS = (
					"DEBUG=1",
					"$(inherited)",
				);
				GCC_WARN_64_TO_32_BIT_CONVERSION = YES;
				GCC_WARN_ABOUT_RETURN_TYPE = YES_ERROR;
				GCC_WARN_UNDECLARED_SELECTOR = YES;
				GCC_WARN_UNINITIALIZED_AUTOS = YES_AGGRESSIVE;
				GCC_WARN_UNUSED_FUNCTION = YES;
				GCC_WARN_UNUSED_VARIABLE = YES;
				IPHONEOS_DEPLOYMENT_TARGET = 10.3;
				MTL_ENABLE_DEBUG_INFO = YES;
				ONLY_ACTIVE_ARCH = YES;
				SDKROOT = iphoneos;
				SWIFT_ACTIVE_COMPILATION_CONDITIONS = DEBUG;
				SWIFT_OPTIMIZATION_LEVEL = "-Onone";
				TARGETED_DEVICE_FAMILY = "1,2";
			};
			name = Debug;
		};
		F4C950091EDA8A8C0022F1F1 /* Release */ = {
			isa = XCBuildConfiguration;
			buildSettings = {
				ALWAYS_SEARCH_USER_PATHS = NO;
				CLANG_ANALYZER_NONNULL = YES;
				CLANG_ANALYZER_NUMBER_OBJECT_CONVERSION = YES_AGGRESSIVE;
				CLANG_CXX_LANGUAGE_STANDARD = "gnu++0x";
				CLANG_CXX_LIBRARY = "libc++";
				CLANG_ENABLE_MODULES = YES;
				CLANG_ENABLE_OBJC_ARC = YES;
				CLANG_WARN_BOOL_CONVERSION = YES;
				CLANG_WARN_CONSTANT_CONVERSION = YES;
				CLANG_WARN_DIRECT_OBJC_ISA_USAGE = YES_ERROR;
				CLANG_WARN_DOCUMENTATION_COMMENTS = YES;
				CLANG_WARN_EMPTY_BODY = YES;
				CLANG_WARN_ENUM_CONVERSION = YES;
				CLANG_WARN_INFINITE_RECURSION = YES;
				CLANG_WARN_INT_CONVERSION = YES;
				CLANG_WARN_OBJC_ROOT_CLASS = YES_ERROR;
				CLANG_WARN_SUSPICIOUS_MOVE = YES;
				CLANG_WARN_UNREACHABLE_CODE = YES;
				CLANG_WARN__DUPLICATE_METHOD_MATCH = YES;
				"CODE_SIGN_IDENTITY[sdk=iphoneos*]" = "iPhone Developer";
				COPY_PHASE_STRIP = NO;
				DEBUG_INFORMATION_FORMAT = "dwarf-with-dsym";
				ENABLE_NS_ASSERTIONS = NO;
				ENABLE_STRICT_OBJC_MSGSEND = YES;
				GCC_C_LANGUAGE_STANDARD = gnu99;
				GCC_NO_COMMON_BLOCKS = YES;
				GCC_WARN_64_TO_32_BIT_CONVERSION = YES;
				GCC_WARN_ABOUT_RETURN_TYPE = YES_ERROR;
				GCC_WARN_UNDECLARED_SELECTOR = YES;
				GCC_WARN_UNINITIALIZED_AUTOS = YES_AGGRESSIVE;
				GCC_WARN_UNUSED_FUNCTION = YES;
				GCC_WARN_UNUSED_VARIABLE = YES;
				IPHONEOS_DEPLOYMENT_TARGET = 10.3;
				MTL_ENABLE_DEBUG_INFO = NO;
				SDKROOT = iphoneos;
				SWIFT_OPTIMIZATION_LEVEL = "-Owholemodule";
				TARGETED_DEVICE_FAMILY = "1,2";
				VALIDATE_PRODUCT = YES;
			};
			name = Release;
		};
		F4C9500B1EDA8A8C0022F1F1 /* Debug */ = {
			isa = XCBuildConfiguration;
			baseConfigurationReference = E2570EDB4B121A44870D5E2D /* Pods-Google Font Viewer.debug.xcconfig */;
			buildSettings = {
				ASSETCATALOG_COMPILER_APPICON_NAME = AppIcon;
				DEVELOPMENT_TEAM = T3LQ95726F;
				INFOPLIST_FILE = "Google Font Viewer/Info.plist";
				LD_RUNPATH_SEARCH_PATHS = "$(inherited) @executable_path/Frameworks";
				PRODUCT_BUNDLE_IDENTIFIER = "simonlee.Google-Font-Viewer";
				PRODUCT_NAME = "$(TARGET_NAME)";
				SWIFT_VERSION = 3.0;
			};
			name = Debug;
		};
		F4C9500C1EDA8A8C0022F1F1 /* Release */ = {
			isa = XCBuildConfiguration;
			baseConfigurationReference = 7117B2061F3B341BC6A48F6E /* Pods-Google Font Viewer.release.xcconfig */;
			buildSettings = {
				ASSETCATALOG_COMPILER_APPICON_NAME = AppIcon;
				DEVELOPMENT_TEAM = T3LQ95726F;
				INFOPLIST_FILE = "Google Font Viewer/Info.plist";
				LD_RUNPATH_SEARCH_PATHS = "$(inherited) @executable_path/Frameworks";
				PRODUCT_BUNDLE_IDENTIFIER = "simonlee.Google-Font-Viewer";
				PRODUCT_NAME = "$(TARGET_NAME)";
				SWIFT_VERSION = 3.0;
			};
			name = Release;
		};
		F4C9500E1EDA8A8C0022F1F1 /* Debug */ = {
			isa = XCBuildConfiguration;
			baseConfigurationReference = CEC1950DE67FDA23A9956E28 /* Pods-Google Font ViewerTests.debug.xcconfig */;
			buildSettings = {
				ALWAYS_EMBED_SWIFT_STANDARD_LIBRARIES = YES;
				BUNDLE_LOADER = "$(TEST_HOST)";
				DEVELOPMENT_TEAM = T3LQ95726F;
				INFOPLIST_FILE = "Google Font ViewerTests/Info.plist";
				LD_RUNPATH_SEARCH_PATHS = "$(inherited) @executable_path/Frameworks @loader_path/Frameworks";
				PRODUCT_BUNDLE_IDENTIFIER = "simonlee.Google-Font-ViewerTests";
				PRODUCT_NAME = "$(TARGET_NAME)";
				SWIFT_VERSION = 3.0;
				TEST_HOST = "$(BUILT_PRODUCTS_DIR)/Google Font Viewer.app/Google Font Viewer";
			};
			name = Debug;
		};
		F4C9500F1EDA8A8C0022F1F1 /* Release */ = {
			isa = XCBuildConfiguration;
			baseConfigurationReference = 821BF2A0AAF51D067B97C835 /* Pods-Google Font ViewerTests.release.xcconfig */;
			buildSettings = {
				ALWAYS_EMBED_SWIFT_STANDARD_LIBRARIES = YES;
				BUNDLE_LOADER = "$(TEST_HOST)";
				DEVELOPMENT_TEAM = T3LQ95726F;
				INFOPLIST_FILE = "Google Font ViewerTests/Info.plist";
				LD_RUNPATH_SEARCH_PATHS = "$(inherited) @executable_path/Frameworks @loader_path/Frameworks";
				PRODUCT_BUNDLE_IDENTIFIER = "simonlee.Google-Font-ViewerTests";
				PRODUCT_NAME = "$(TARGET_NAME)";
				SWIFT_VERSION = 3.0;
				TEST_HOST = "$(BUILT_PRODUCTS_DIR)/Google Font Viewer.app/Google Font Viewer";
			};
			name = Release;
		};
/* End XCBuildConfiguration section */

/* Begin XCConfigurationList section */
		F4C94FE81EDA8A8C0022F1F1 /* Build configuration list for PBXProject "Google Font Viewer" */ = {
			isa = XCConfigurationList;
			buildConfigurations = (
				F4C950081EDA8A8C0022F1F1 /* Debug */,
				F4C950091EDA8A8C0022F1F1 /* Release */,
			);
			defaultConfigurationIsVisible = 0;
			defaultConfigurationName = Release;
		};
		F4C9500A1EDA8A8C0022F1F1 /* Build configuration list for PBXNativeTarget "Google Font Viewer" */ = {
			isa = XCConfigurationList;
			buildConfigurations = (
				F4C9500B1EDA8A8C0022F1F1 /* Debug */,
				F4C9500C1EDA8A8C0022F1F1 /* Release */,
			);
			defaultConfigurationIsVisible = 0;
			defaultConfigurationName = Release;
		};
		F4C9500D1EDA8A8C0022F1F1 /* Build configuration list for PBXNativeTarget "Google Font ViewerTests" */ = {
			isa = XCConfigurationList;
			buildConfigurations = (
				F4C9500E1EDA8A8C0022F1F1 /* Debug */,
				F4C9500F1EDA8A8C0022F1F1 /* Release */,
			);
			defaultConfigurationIsVisible = 0;
			defaultConfigurationName = Release;
		};
/* End XCConfigurationList section */
	};
	rootObject = F4C94FE51EDA8A8C0022F1F1 /* Project object */;
}
